Microsoft Visual Studio Solution File, Format Version 12.00
# Visual Studio 2012
Project("{FAE04EC0-301F-11D3-BF4B-00C04F79EFBC}") = "Cowers", "Cowers.csproj", "{18A3BD2E-5E68-4EAE-AB22-2DEA3E6B734D}"
EndProject
Global
	GlobalSection(SolutionConfigurationPlatforms) = preSolution
	Debug|Any CPU = Debug|Any CPU
	Release|Any CPU = Release|Any CPU
	Tools|Any CPU = Tools|Any CPU
	EndGlobalSection
	GlobalSection(ProjectConfigurationPlatforms) = postSolution
		{18A3BD2E-5E68-4EAE-AB22-2DEA3E6B734D}.Debug|Any CPU.ActiveCfg = Debug|Any CPU
		{18A3BD2E-5E68-4EAE-AB22-2DEA3E6B734D}.Debug|Any CPU.Build.0 = Debug|Any CPU
		{18A3BD2E-5E68-4EAE-AB22-2DEA3E6B734D}.Release|Any CPU.ActiveCfg = Release|Any CPU
		{18A3BD2E-5E68-4EAE-AB22-2DEA3E6B734D}.Release|Any CPU.Build.0 = Release|Any CPU
		{18A3BD2E-5E68-4EAE-AB22-2DEA3E6B734D}.Tools|Any CPU.ActiveCfg = Tools|Any CPU
		{18A3BD2E-5E68-4EAE-AB22-2DEA3E6B734D}.Tools|Any CPU.Build.0 = Tools|Any CPU
	EndGlobalSection
EndGlobal
